// !$*UTF8*$!
{
	archiveVersion = 1;
	classes = {
	};
	objectVersion = 55;
	objects = {

/* Begin PBXBuildFile section */
		3E35595A2736E946001C6DEF /* AppDelegate.swift in Sources */ = {isa = PBXBuildFile; fileRef = 3E3559592736E946001C6DEF /* AppDelegate.swift */; };
		3E35595C2736E946001C6DEF /* SceneDelegate.swift in Sources */ = {isa = PBXBuildFile; fileRef = 3E35595B2736E946001C6DEF /* SceneDelegate.swift */; };
		3E35595E2736E946001C6DEF /* ViewController.swift in Sources */ = {isa = PBXBuildFile; fileRef = 3E35595D2736E946001C6DEF /* ViewController.swift */; };
		3E3559612736E946001C6DEF /* Main.storyboard in Resources */ = {isa = PBXBuildFile; fileRef = 3E35595F2736E946001C6DEF /* Main.storyboard */; };
		3E3559632736E947001C6DEF /* Assets.xcassets in Resources */ = {isa = PBXBuildFile; fileRef = 3E3559622736E947001C6DEF /* Assets.xcassets */; };
		3E3559662736E947001C6DEF /* LaunchScreen.storyboard in Resources */ = {isa = PBXBuildFile; fileRef = 3E3559642736E947001C6DEF /* LaunchScreen.storyboard */; };
		3E3559712736E947001C6DEF /* GitProjectTest1Tests.swift in Sources */ = {isa = PBXBuildFile; fileRef = 3E3559702736E947001C6DEF /* GitProjectTest1Tests.swift */; };
		3E35597B2736E947001C6DEF /* GitProjectTest1UITests.swift in Sources */ = {isa = PBXBuildFile; fileRef = 3E35597A2736E947001C6DEF /* GitProjectTest1UITests.swift */; };
		3E35597D2736E947001C6DEF /* GitProjectTest1UITestsLaunchTests.swift in Sources */ = {isa = PBXBuildFile; fileRef = 3E35597C2736E947001C6DEF /* GitProjectTest1UITestsLaunchTests.swift */; };
/* End PBXBuildFile section */

/* Begin PBXContainerItemProxy section */
		3E35596D2736E947001C6DEF /* PBXContainerItemProxy */ = {
			isa = PBXContainerItemProxy;
			containerPortal = 3E35594E2736E946001C6DEF /* Project object */;
			proxyType = 1;
			remoteGlobalIDString = 3E3559552736E946001C6DEF;
			remoteInfo = GitProjectTest1;
		};
		3E3559772736E947001C6DEF /* PBXContainerItemProxy */ = {
			isa = PBXContainerItemProxy;
			containerPortal = 3E35594E2736E946001C6DEF /* Project object */;
			proxyType = 1;
			remoteGlobalIDString = 3E3559552736E946001C6DEF;
			remoteInfo = GitProjectTest1;
		};
/* End PBXContainerItemProxy section */

/* Begin PBXFileReference section */
		3E3559562736E946001C6DEF /* GitProjectTest1.app */ = {isa = PBXFileReference; explicitFileType = wrapper.application; includeInIndex = 0; path = GitProjectTest1.app; sourceTree = BUILT_PRODUCTS_DIR; };
		3E3559592736E946001C6DEF /* AppDelegate.swift */ = {isa = PBXFileReference; lastKnownFileType = sourcecode.swift; path = AppDelegate.swift; sourceTree = "<group>"; };
		3E35595B2736E946001C6DEF /* SceneDelegate.swift */ = {isa = PBXFileReference; lastKnownFileType = sourcecode.swift; path = SceneDelegate.swift; sourceTree = "<group>"; };
		3E35595D2736E946001C6DEF /* ViewController.swift */ = {isa = PBXFileReference; lastKnownFileType = sourcecode.swift; path = ViewController.swift; sourceTree = "<group>"; };
		3E3559602736E946001C6DEF /* Base */ = {isa = PBXFileReference; lastKnownFileType = file.storyboard; name = Base; path = Base.lproj/Main.storyboard; sourceTree = "<group>"; };
		3E3559622736E947001C6DEF /* Assets.xcassets */ = {isa = PBXFileReference; lastKnownFileType = folder.assetcatalog; path = Assets.xcassets; sourceTree = "<group>"; };
		3E3559652736E947001C6DEF /* Base */ = {isa = PBXFileReference; lastKnownFileType = file.storyboard; name = Base; path = Base.lproj/LaunchScreen.storyboard; sourceTree = "<group>"; };
		3E3559672736E947001C6DEF /* Info.plist */ = {isa = PBXFileReference; lastKnownFileType = text.plist.xml; path = Info.plist; sourceTree = "<group>"; };
		3E35596C2736E947001C6DEF /* GitProjectTest1Tests.xctest */ = {isa = PBXFileReference; explicitFileType = wrapper.cfbundle; includeInIndex = 0; path = GitProjectTest1Tests.xctest; sourceTree = BUILT_PRODUCTS_DIR; };
		3E3559702736E947001C6DEF /* GitProjectTest1Tests.swift */ = {isa = PBXFileReference; lastKnownFileType = sourcecode.swift; path = GitProjectTest1Tests.swift; sourceTree = "<group>"; };
		3E3559762736E947001C6DEF /* GitProjectTest1UITests.xctest */ = {isa = PBXFileReference; explicitFileType = wrapper.cfbundle; includeInIndex = 0; path = GitProjectTest1UITests.xctest; sourceTree = BUILT_PRODUCTS_DIR; };
		3E35597A2736E947001C6DEF /* GitProjectTest1UITests.swift */ = {isa = PBXFileReference; lastKnownFileType = sourcecode.swift; path = GitProjectTest1UITests.swift; sourceTree = "<group>"; };
		3E35597C2736E947001C6DEF /* GitProjectTest1UITestsLaunchTests.swift */ = {isa = PBXFileReference; lastKnownFileType = sourcecode.swift; path = GitProjectTest1UITestsLaunchTests.swift; sourceTree = "<group>"; };
/* End PBXFileReference section */

/* Begin PBXFrameworksBuildPhase section */
		3E3559532736E946001C6DEF /* Frameworks */ = {
			isa = PBXFrameworksBuildPhase;
			buildActionMask = 2147483647;
			files = (
			);
			runOnlyForDeploymentPostprocessing = 0;
		};
		3E3559692736E947001C6DEF /* Frameworks */ = {
			isa = PBXFrameworksBuildPhase;
			buildActionMask = 2147483647;
			files = (
			);
			runOnlyForDeploymentPostprocessing = 0;
		};
		3E3559732736E947001C6DEF /* Frameworks */ = {
			isa = PBXFrameworksBuildPhase;
			buildActionMask = 2147483647;
			files = (
			);
			runOnlyForDeploymentPostprocessing = 0;
		};
/* End PBXFrameworksBuildPhase section */

/* Begin PBXGroup section */
		3E35594D2736E946001C6DEF = {
			isa = PBXGroup;
			children = (
				3E3559582736E946001C6DEF /* GitProjectTest1 */,
				3E35596F2736E947001C6DEF /* GitProjectTest1Tests */,
				3E3559792736E947001C6DEF /* GitProjectTest1UITests */,
				3E3559572736E946001C6DEF /* Products */,
			);
			sourceTree = "<group>";
		};
		3E3559572736E946001C6DEF /* Products */ = {
			isa = PBXGroup;
			children = (
				3E3559562736E946001C6DEF /* GitProjectTest1.app */,
				3E35596C2736E947001C6DEF /* GitProjectTest1Tests.xctest */,
				3E3559762736E947001C6DEF /* GitProjectTest1UITests.xctest */,
			);
			name = Products;
			sourceTree = "<group>";
		};
		3E3559582736E946001C6DEF /* GitProjectTest1 */ = {
			isa = PBXGroup;
			children = (
				3E3559592736E946001C6DEF /* AppDelegate.swift */,
				3E35595B2736E946001C6DEF /* SceneDelegate.swift */,
				3E35595D2736E946001C6DEF /* ViewController.swift */,
				3E35595F2736E946001C6DEF /* Main.storyboard */,
				3E3559622736E947001C6DEF /* Assets.xcassets */,
				3E3559642736E947001C6DEF /* LaunchScreen.storyboard */,
				3E3559672736E947001C6DEF /* Info.plist */,
			);
			path = GitProjectTest1;
			sourceTree = "<group>";
		};
		3E35596F2736E947001C6DEF /* GitProjectTest1Tests */ = {
			isa = PBXGroup;
			children = (
				3E3559702736E947001C6DEF /* GitProjectTest1Tests.swift */,
			);
			path = GitProjectTest1Tests;
			sourceTree = "<group>";
		};
		3E3559792736E947001C6DEF /* GitProjectTest1UITests */ = {
			isa = PBXGroup;
			children = (
				3E35597A2736E947001C6DEF /* GitProjectTest1UITests.swift */,
				3E35597C2736E947001C6DEF /* GitProjectTest1UITestsLaunchTests.swift */,
			);
			path = GitProjectTest1UITests;
			sourceTree = "<group>";
		};
/* End PBXGroup section */

/* Begin PBXNativeTarget section */
		3E3559552736E946001C6DEF /* GitProjectTest1 */ = {
			isa = PBXNativeTarget;
			buildConfigurationList = 3E3559802736E947001C6DEF /* Build configuration list for PBXNativeTarget "GitProjectTest1" */;
			buildPhases = (
				3E3559522736E946001C6DEF /* Sources */,
				3E3559532736E946001C6DEF /* Frameworks */,
				3E3559542736E946001C6DEF /* Resources */,
			);
			buildRules = (
			);
			dependencies = (
			);
			name = GitProjectTest1;
			productName = GitProjectTest1;
			productReference = 3E3559562736E946001C6DEF /* GitProjectTest1.app */;
			productType = "com.apple.product-type.application";
		};
		3E35596B2736E947001C6DEF /* GitProjectTest1Tests */ = {
			isa = PBXNativeTarget;
			buildConfigurationList = 3E3559832736E947001C6DEF /* Build configuration list for PBXNativeTarget "GitProjectTest1Tests" */;
			buildPhases = (
				3E3559682736E947001C6DEF /* Sources */,
				3E3559692736E947001C6DEF /* Frameworks */,
				3E35596A2736E947001C6DEF /* Resources */,
			);
			buildRules = (
			);
			dependencies = (
				3E35596E2736E947001C6DEF /* PBXTargetDependency */,
			);
			name = GitProjectTest1Tests;
			productName = GitProjectTest1Tests;
			productReference = 3E35596C2736E947001C6DEF /* GitProjectTest1Tests.xctest */;
			productType = "com.apple.product-type.bundle.unit-test";
		};
		3E3559752736E947001C6DEF /* GitProjectTest1UITests */ = {
			isa = PBXNativeTarget;
			buildConfigurationList = 3E3559862736E947001C6DEF /* Build configuration list for PBXNativeTarget "GitProjectTest1UITests" */;
			buildPhases = (
				3E3559722736E947001C6DEF /* Sources */,
				3E3559732736E947001C6DEF /* Frameworks */,
				3E3559742736E947001C6DEF /* Resources */,
			);
			buildRules = (
			);
			dependencies = (
				3E3559782736E947001C6DEF /* PBXTargetDependency */,
			);
			name = GitProjectTest1UITests;
			productName = GitProjectTest1UITests;
			productReference = 3E3559762736E947001C6DEF /* GitProjectTest1UITests.xctest */;
			productType = "com.apple.product-type.bundle.ui-testing";
		};
/* End PBXNativeTarget section */

/* Begin PBXProject section */
		3E35594E2736E946001C6DEF /* Project object */ = {
			isa = PBXProject;
			attributes = {
				BuildIndependentTargetsInParallel = 1;
				LastSwiftUpdateCheck = 1310;
				LastUpgradeCheck = 1310;
				TargetAttributes = {
					3E3559552736E946001C6DEF = {
						CreatedOnToolsVersion = 13.1;
					};
					3E35596B2736E947001C6DEF = {
						CreatedOnToolsVersion = 13.1;
						TestTargetID = 3E3559552736E946001C6DEF;
					};
					3E3559752736E947001C6DEF = {
						CreatedOnToolsVersion = 13.1;
						TestTargetID = 3E3559552736E946001C6DEF;
					};
				};
			};
			buildConfigurationList = 3E3559512736E946001C6DEF /* Build configuration list for PBXProject "GitProjectTest1" */;
			compatibilityVersion = "Xcode 13.0";
			developmentRegion = en;
			hasScannedForEncodings = 0;
			knownRegions = (
				en,
				Base,
			);
			mainGroup = 3E35594D2736E946001C6DEF;
			productRefGroup = 3E3559572736E946001C6DEF /* Products */;
			projectDirPath = "";
			projectRoot = "";
			targets = (
				3E3559552736E946001C6DEF /* GitProjectTest1 */,
				3E35596B2736E947001C6DEF /* GitProjectTest1Tests */,
				3E3559752736E947001C6DEF /* GitProjectTest1UITests */,
			);
		};
/* End PBXProject section */

/* Begin PBXResourcesBuildPhase section */
		3E3559542736E946001C6DEF /* Resources */ = {
			isa = PBXResourcesBuildPhase;
			buildActionMask = 2147483647;
			files = (
				3E3559662736E947001C6DEF /* LaunchScreen.storyboard in Resources */,
				3E3559632736E947001C6DEF /* Assets.xcassets in Resources */,
				3E3559612736E946001C6DEF /* Main.storyboard in Resources */,
			);
			runOnlyForDeploymentPostprocessing = 0;
		};
		3E35596A2736E947001C6DEF /* Resources */ = {
			isa = PBXResourcesBuildPhase;
			buildActionMask = 2147483647;
			files = (
			);
			runOnlyForDeploymentPostprocessing = 0;
		};
		3E3559742736E947001C6DEF /* Resources */ = {
			isa = PBXResourcesBuildPhase;
			buildActionMask = 2147483647;
			files = (
			);
			runOnlyForDeploymentPostprocessing = 0;
		};
/* End PBXResourcesBuildPhase section */

/* Begin PBXSourcesBuildPhase section */
		3E3559522736E946001C6DEF /* Sources */ = {
			isa = PBXSourcesBuildPhase;
			buildActionMask = 2147483647;
			files = (
				3E35595E2736E946001C6DEF /* ViewController.swift in Sources */,
				3E35595A2736E946001C6DEF /* AppDelegate.swift in Sources */,
				3E35595C2736E946001C6DEF /* SceneDelegate.swift in Sources */,
			);
			runOnlyForDeploymentPostprocessing = 0;
		};
		3E3559682736E947001C6DEF /* Sources */ = {
			isa = PBXSourcesBuildPhase;
			buildActionMask = 2147483647;
			files = (
				3E3559712736E947001C6DEF /* GitProjectTest1Tests.swift in Sources */,
			);
			runOnlyForDeploymentPostprocessing = 0;
		};
		3E3559722736E947001C6DEF /* Sources */ = {
			isa = PBXSourcesBuildPhase;
			buildActionMask = 2147483647;
			files = (
				3E35597B2736E947001C6DEF /* GitProjectTest1UITests.swift in Sources */,
				3E35597D2736E947001C6DEF /* GitProjectTest1UITestsLaunchTests.swift in Sources */,
			);
			runOnlyForDeploymentPostprocessing = 0;
		};
/* End PBXSourcesBuildPhase section */

/* Begin PBXTargetDependency section */
		3E35596E2736E947001C6DEF /* PBXTargetDependency */ = {
			isa = PBXTargetDependency;
			target = 3E3559552736E946001C6DEF /* GitProjectTest1 */;
			targetProxy = 3E35596D2736E947001C6DEF /* PBXContainerItemProxy */;
		};
		3E3559782736E947001C6DEF /* PBXTargetDependency */ = {
			isa = PBXTargetDependency;
			target = 3E3559552736E946001C6DEF /* GitProjectTest1 */;
			targetProxy = 3E3559772736E947001C6DEF /* PBXContainerItemProxy */;
		};
/* End PBXTargetDependency section */

/* Begin PBXVariantGroup section */
		3E35595F2736E946001C6DEF /* Main.storyboard */ = {
			isa = PBXVariantGroup;
			children = (
				3E3559602736E946001C6DEF /* Base */,
			);
			name = Main.storyboard;
			sourceTree = "<group>";
		};
		3E3559642736E947001C6DEF /* LaunchScreen.storyboard */ = {
			isa = PBXVariantGroup;
			children = (
				3E3559652736E947001C6DEF /* Base */,
			);
			name = LaunchScreen.storyboard;
			sourceTree = "<group>";
		};
/* End PBXVariantGroup section */

/* Begin XCBuildConfiguration section */
		3E35597E2736E947001C6DEF /* Debug */ = {
			isa = XCBuildConfiguration;
			buildSettings = {
				ALWAYS_SEARCH_USER_PATHS = NO;
				CLANG_ANALYZER_NONNULL = YES;
				CLANG_ANALYZER_NUMBER_OBJECT_CONVERSION = YES_AGGRESSIVE;
				CLANG_CXX_LANGUAGE_STANDARD = "gnu++17";
				CLANG_CXX_LIBRARY = "libc++";
				CLANG_ENABLE_MODULES = YES;
				CLANG_ENABLE_OBJC_ARC = YES;
				CLANG_ENABLE_OBJC_WEAK = YES;
				CLANG_WARN_BLOCK_CAPTURE_AUTORELEASING = YES;
				CLANG_WARN_BOOL_CONVERSION = YES;
				CLANG_WARN_COMMA = YES;
				CLANG_WARN_CONSTANT_CONVERSION = YES;
				CLANG_WARN_DEPRECATED_OBJC_IMPLEMENTATIONS = YES;
				CLANG_WARN_DIRECT_OBJC_ISA_USAGE = YES_ERROR;
				CLANG_WARN_DOCUMENTATION_COMMENTS = YES;
				CLANG_WARN_EMPTY_BODY = YES;
				CLANG_WARN_ENUM_CONVERSION = YES;
				CLANG_WARN_INFINITE_RECURSION = YES;
				CLANG_WARN_INT_CONVERSION = YES;
				CLANG_WARN_NON_LITERAL_NULL_CONVERSION = YES;
				CLANG_WARN_OBJC_IMPLICIT_RETAIN_SELF = YES;
				CLANG_WARN_OBJC_LITERAL_CONVERSION = YES;
				CLANG_WARN_OBJC_ROOT_CLASS = YES_ERROR;
				CLANG_WARN_QUOTED_INCLUDE_IN_FRAMEWORK_HEADER = YES;
				CLANG_WARN_RANGE_LOOP_ANALYSIS = YES;
				CLANG_WARN_STRICT_PROTOTYPES = YES;
				CLANG_WARN_SUSPICIOUS_MOVE = YES;
				CLANG_WARN_UNGUARDED_AVAILABILITY = YES_AGGRESSIVE;
				CLANG_WARN_UNREACHABLE_CODE = YES;
				CLANG_WARN__DUPLICATE_METHOD_MATCH = YES;
				COPY_PHASE_STRIP = NO;
				DEBUG_INFORMATION_FORMAT = dwarf;
				ENABLE_STRICT_OBJC_MSGSEND = YES;
				ENABLE_TESTABILITY = YES;
				GCC_C_LANGUAGE_STANDARD = gnu11;
				GCC_DYNAMIC_NO_PIC = NO;
				GCC_NO_COMMON_BLOCKS = YES;
				GCC_OPTIMIZATION_LEVEL = 0;
				GCC_PREPROCESSOR_DEFINITIONS = (
					"DEBUG=1",
					"$(inherited)",
				);
				GCC_WARN_64_TO_32_BIT_CONVERSION = YES;
				GCC_WARN_ABOUT_RETURN_TYPE = YES_ERROR;
				GCC_WARN_UNDECLARED_SELECTOR = YES;
				GCC_WARN_UNINITIALIZED_AUTOS = YES_AGGRESSIVE;
				GCC_WARN_UNUSED_FUNCTION = YES;
				GCC_WARN_UNUSED_VARIABLE = YES;
				IPHONEOS_DEPLOYMENT_TARGET = 15.0;
				MTL_ENABLE_DEBUG_INFO = INCLUDE_SOURCE;
				MTL_FAST_MATH = YES;
				ONLY_ACTIVE_ARCH = YES;
				SDKROOT = iphoneos;
				SWIFT_ACTIVE_COMPILATION_CONDITIONS = DEBUG;
				SWIFT_OPTIMIZATION_LEVEL = "-Onone";
			};
			name = Debug;
		};
		3E35597F2736E947001C6DEF /* Release */ = {
			isa = XCBuildConfiguration;
			buildSettings = {
				ALWAYS_SEARCH_USER_PATHS = NO;
				CLANG_ANALYZER_NONNULL = YES;
				CLANG_ANALYZER_NUMBER_OBJECT_CONVERSION = YES_AGGRESSIVE;
				CLANG_CXX_LANGUAGE_STANDARD = "gnu++17";
				CLANG_CXX_LIBRARY = "libc++";
				CLANG_ENABLE_MODULES = YES;
				CLANG_ENABLE_OBJC_ARC = YES;
				CLANG_ENABLE_OBJC_WEAK = YES;
				CLANG_WARN_BLOCK_CAPTURE_AUTORELEASING = YES;
				CLANG_WARN_BOOL_CONVERSION = YES;
				CLANG_WARN_COMMA = YES;
				CLANG_WARN_CONSTANT_CONVERSION = YES;
				CLANG_WARN_DEPRECATED_OBJC_IMPLEMENTATIONS = YES;
				CLANG_WARN_DIRECT_OBJC_ISA_USAGE = YES_ERROR;
				CLANG_WARN_DOCUMENTATION_COMMENTS = YES;
				CLANG_WARN_EMPTY_BODY = YES;
				CLANG_WARN_ENUM_CONVERSION = YES;
				CLANG_WARN_INFINITE_RECURSION = YES;
				CLANG_WARN_INT_CONVERSION = YES;
				CLANG_WARN_NON_LITERAL_NULL_CONVERSION = YES;
				CLANG_WARN_OBJC_IMPLICIT_RETAIN_SELF = YES;
				CLANG_WARN_OBJC_LITERAL_CONVERSION = YES;
				CLANG_WARN_OBJC_ROOT_CLASS = YES_ERROR;
				CLANG_WARN_QUOTED_INCLUDE_IN_FRAMEWORK_HEADER = YES;
				CLANG_WARN_RANGE_LOOP_ANALYSIS = YES;
				CLANG_WARN_STRICT_PROTOTYPES = YES;
				CLANG_WARN_SUSPICIOUS_MOVE = YES;
				CLANG_WARN_UNGUARDED_AVAILABILITY = YES_AGGRESSIVE;
				CLANG_WARN_UNREACHABLE_CODE = YES;
				CLANG_WARN__DUPLICATE_METHOD_MATCH = YES;
				COPY_PHASE_STRIP = NO;
				DEBUG_INFORMATION_FORMAT = "dwarf-with-dsym";
				ENABLE_NS_ASSERTIONS = NO;
				ENABLE_STRICT_OBJC_MSGSEND = YES;
				GCC_C_LANGUAGE_STANDARD = gnu11;
				GCC_NO_COMMON_BLOCKS = YES;
				GCC_WARN_64_TO_32_BIT_CONVERSION = YES;
				GCC_WARN_ABOUT_RETURN_TYPE = YES_ERROR;
				GCC_WARN_UNDECLARED_SELECTOR = YES;
				GCC_WARN_UNINITIALIZED_AUTOS = YES_AGGRESSIVE;
				GCC_WARN_UNUSED_FUNCTION = YES;
				GCC_WARN_UNUSED_VARIABLE = YES;
				IPHONEOS_DEPLOYMENT_TARGET = 15.0;
				MTL_ENABLE_DEBUG_INFO = NO;
				MTL_FAST_MATH = YES;
				SDKROOT = iphoneos;
				SWIFT_COMPILATION_MODE = wholemodule;
				SWIFT_OPTIMIZATION_LEVEL = "-O";
				VALIDATE_PRODUCT = YES;
			};
			name = Release;
		};
		3E3559812736E947001C6DEF /* Debug */ = {
			isa = XCBuildConfiguration;
			buildSettings = {
				ASSETCATALOG_COMPILER_APPICON_NAME = AppIcon;
				ASSETCATALOG_COMPILER_GLOBAL_ACCENT_COLOR_NAME = AccentColor;
				CODE_SIGN_STYLE = Automatic;
				CURRENT_PROJECT_VERSION = 1;
				DEVELOPMENT_TEAM = A6S49N8355;
				GENERATE_INFOPLIST_FILE = YES;
				INFOPLIST_FILE = GitProjectTest1/Info.plist;
				INFOPLIST_KEY_UIApplicationSupportsIndirectInputEvents = YES;
				INFOPLIST_KEY_UILaunchStoryboardName = LaunchScreen;
				INFOPLIST_KEY_UIMainStoryboardFile = Main;
				INFOPLIST_KEY_UISupportedInterfaceOrientations_iPad = "UIInterfaceOrientationPortrait UIInterfaceOrientationPortraitUpsideDown UIInterfaceOrientationLandscapeLeft UIInterfaceOrientationLandscapeRight";
				INFOPLIST_KEY_UISupportedInterfaceOrientations_iPhone = "UIInterfaceOrientationPortrait UIInterfaceOrientationLandscapeLeft UIInterfaceOrientationLandscapeRight";
				LD_RUNPATH_SEARCH_PATHS = (
					"$(inherited)",
					"@executable_path/Frameworks",
				);
				MARKETING_VERSION = 1.0;
				PRODUCT_BUNDLE_IDENTIFIER = appyapp.GitProjectTest1;
				PRODUCT_NAME = "$(TARGET_NAME)";
				SWIFT_EMIT_LOC_STRINGS = YES;
				SWIFT_VERSION = 5.0;
				TARGETED_DEVICE_FAMILY = "1,2";
			};
			name = Debug;
		};
		3E3559822736E947001C6DEF /* Release */ = {
			isa = XCBuildConfiguration;
			buildSettings = {
				ASSETCATALOG_COMPILER_APPICON_NAME = AppIcon;
				ASSETCATALOG_COMPILER_GLOBAL_ACCENT_COLOR_NAME = AccentColor;
				CODE_SIGN_STYLE = Automatic;
				CURRENT_PROJECT_VERSION = 1;
				DEVELOPMENT_TEAM = A6S49N8355;
				GENERATE_INFOPLIST_FILE = YES;
				INFOPLIST_FILE = GitProjectTest1/Info.plist;
				INFOPLIST_KEY_UIApplicationSupportsIndirectInputEvents = YES;
				INFOPLIST_KEY_UILaunchStoryboardName = LaunchScreen;
				INFOPLIST_KEY_UIMainStoryboardFile = Main;
				INFOPLIST_KEY_UISupportedInterfaceOrientations_iPad = "UIInterfaceOrientationPortrait UIInterfaceOrientationPortraitUpsideDown UIInterfaceOrientationLandscapeLeft UIInterfaceOrientationLandscapeRight";
				INFOPLIST_KEY_UISupportedInterfaceOrientations_iPhone = "UIInterfaceOrientationPortrait UIInterfaceOrientationLandscapeLeft UIInterfaceOrientationLandscapeRight";
				LD_RUNPATH_SEARCH_PATHS = (
					"$(inherited)",
					"@executable_path/Frameworks",
				);
				MARKETING_VERSION = 1.0;
				PRODUCT_BUNDLE_IDENTIFIER = appyapp.GitProjectTest1;
				PRODUCT_NAME = "$(TARGET_NAME)";
				SWIFT_EMIT_LOC_STRINGS = YES;
				SWIFT_VERSION = 5.0;
				TARGETED_DEVICE_FAMILY = "1,2";
			};
			name = Release;
		};
		3E3559842736E947001C6DEF /* Debug */ = {
			isa = XCBuildConfiguration;
			buildSettings = {
				ALWAYS_EMBED_SWIFT_STANDARD_LIBRARIES = YES;
				BUNDLE_LOADER = "$(TEST_HOST)";
				CODE_SIGN_STYLE = Automatic;
				CURRENT_PROJECT_VERSION = 1;
				DEVELOPMENT_TEAM = A6S49N8355;
				GENERATE_INFOPLIST_FILE = YES;
				IPHONEOS_DEPLOYMENT_TARGET = 15.0;
				LD_RUNPATH_SEARCH_PATHS = (
					"$(inherited)",
					"@executable_path/Frameworks",
					"@loader_path/Frameworks",
				);
				MARKETING_VERSION = 1.0;
				PRODUCT_BUNDLE_IDENTIFIER = appyapp.GitProjectTest1Tests;
				PRODUCT_NAME = "$(TARGET_NAME)";
				SWIFT_EMIT_LOC_STRINGS = NO;
				SWIFT_VERSION = 5.0;
				TARGETED_DEVICE_FAMILY = "1,2";
				TEST_HOST = "$(BUILT_PRODUCTS_DIR)/GitProjectTest1.app/GitProjectTest1";
			};
			name = Debug;
		};
		3E3559852736E947001C6DEF /* Release */ = {
			isa = XCBuildConfiguration;
			buildSettings = {
				ALWAYS_EMBED_SWIFT_STANDARD_LIBRARIES = YES;
				BUNDLE_LOADER = "$(TEST_HOST)";
				CODE_SIGN_STYLE = Automatic;
				CURRENT_PROJECT_VERSION = 1;
				DEVELOPMENT_TEAM = A6S49N8355;
				GENERATE_INFOPLIST_FILE = YES;
				IPHONEOS_DEPLOYMENT_TARGET = 15.0;
				LD_RUNPATH_SEARCH_PATHS = (
					"$(inherited)",
					"@executable_path/Frameworks",
					"@loader_path/Frameworks",
				);
				MARKETING_VERSION = 1.0;
				PRODUCT_BUNDLE_IDENTIFIER = appyapp.GitProjectTest1Tests;
				PRODUCT_NAME = "$(TARGET_NAME)";
				SWIFT_EMIT_LOC_STRINGS = NO;
				SWIFT_VERSION = 5.0;
				TARGETED_DEVICE_FAMILY = "1,2";
				TEST_HOST = "$(BUILT_PRODUCTS_DIR)/GitProjectTest1.app/GitProjectTest1";
			};
			name = Release;
		};
		3E3559872736E947001C6DEF /* Debug */ = {
			isa = XCBuildConfiguration;
			buildSettings = {
				ALWAYS_EMBED_SWIFT_STANDARD_LIBRARIES = YES;
				CODE_SIGN_STYLE = Automatic;
				CURRENT_PROJECT_VERSION = 1;
				DEVELOPMENT_TEAM = A6S49N8355;
				GENERATE_INFOPLIST_FILE = YES;
				LD_RUNPATH_SEARCH_PATHS = (
					"$(inherited)",
					"@executable_path/Frameworks",
					"@loader_path/Frameworks",
				);
				MARKETING_VERSION = 1.0;
				PRODUCT_BUNDLE_IDENTIFIER = appyapp.GitProjectTest1UITests;
				PRODUCT_NAME = "$(TARGET_NAME)";
				SWIFT_EMIT_LOC_STRINGS = NO;
				SWIFT_VERSION = 5.0;
				TARGETED_DEVICE_FAMILY = "1,2";
				TEST_TARGET_NAME = GitProjectTest1;
			};
			name = Debug;
		};
		3E3559882736E947001C6DEF /* Release */ = {
			isa = XCBuildConfiguration;
			buildSettings = {
				ALWAYS_EMBED_SWIFT_STANDARD_LIBRARIES = YES;
				CODE_SIGN_STYLE = Automatic;
				CURRENT_PROJECT_VERSION = 1;
				DEVELOPMENT_TEAM = A6S49N8355;
				GENERATE_INFOPLIST_FILE = YES;
				LD_RUNPATH_SEARCH_PATHS = (
					"$(inherited)",
					"@executable_path/Frameworks",
					"@loader_path/Frameworks",
				);
				MARKETING_VERSION = 1.0;
				PRODUCT_BUNDLE_IDENTIFIER = appyapp.GitProjectTest1UITests;
				PRODUCT_NAME = "$(TARGET_NAME)";
				SWIFT_EMIT_LOC_STRINGS = NO;
				SWIFT_VERSION = 5.0;
				TARGETED_DEVICE_FAMILY = "1,2";
				TEST_TARGET_NAME = GitProjectTest1;
			};
			name = Release;
		};
/* End XCBuildConfiguration section */

/* Begin XCConfigurationList section */
		3E3559512736E946001C6DEF /* Build configuration list for PBXProject "GitProjectTest1" */ = {
			isa = XCConfigurationList;
			buildConfigurations = (
				3E35597E2736E947001C6DEF /* Debug */,
				3E35597F2736E947001C6DEF /* Release */,
			);
			defaultConfigurationIsVisible = 0;
			defaultConfigurationName = Release;
		};
		3E3559802736E947001C6DEF /* Build configuration list for PBXNativeTarget "GitProjectTest1" */ = {
			isa = XCConfigurationList;
			buildConfigurations = (
				3E3559812736E947001C6DEF /* Debug */,
				3E3559822736E947001C6DEF /* Release */,
			);
			defaultConfigurationIsVisible = 0;
			defaultConfigurationName = Release;
		};
		3E3559832736E947001C6DEF /* Build configuration list for PBXNativeTarget "GitProjectTest1Tests" */ = {
			isa = XCConfigurationList;
			buildConfigurations = (
				3E3559842736E947001C6DEF /* Debug */,
				3E3559852736E947001C6DEF /* Release */,
			);
			defaultConfigurationIsVisible = 0;
			defaultConfigurationName = Release;
		};
		3E3559862736E947001C6DEF /* Build configuration list for PBXNativeTarget "GitProjectTest1UITests" */ = {
			isa = XCConfigurationList;
			buildConfigurations = (
				3E3559872736E947001C6DEF /* Debug */,
				3E3559882736E947001C6DEF /* Release */,
			);
			defaultConfigurationIsVisible = 0;
			defaultConfigurationName = Release;
		};
/* End XCConfigurationList section */
	};
	rootObject = 3E35594E2736E946001C6DEF /* Project object */;
}
